dependencies:
  espressif/cjson:
    component_hash: e788323270d90738662d66fffa910bfe1fba019bba087f01557e70c40485b469
    dependencies:
    - name: idf
      require: private
      version: '>=5.0'
    source:
      registry_url: https://components.espressif.com/
      type: service
    version: 1.7.19~2
  espressif/network_provisioning:
    component_hash: 72d27784e3daf807418a34fb00be136ec50c6db49d989ce981d22e031fc0e7f8
    dependencies:
    - name: espressif/cjson
      registry_url: https://components.espressif.com
      require: private
      rules:
      - if: idf_version >= 6.0
      version: ^1.7.19
    - name: idf
      require: private
      version: '>=5.1'
    source:
      registry_url: https://components.espressif.com/
      type: service
    version: 1.2.4
  idf:
    source:
      type: idf
    version: 6.0.0
  joltwallet/littlefs:
    component_hash: dcea25bcef2de023f089f5f01e8d8c46ad1b8ffef75861ad5ffb4098555839df
    dependencies:
    - name: idf
      require: private
      version: '>=5.0'
    source:
      registry_url: https://components.espressif.com/
      type: service
    version: 1.20.4
direct_dependencies:
- espressif/cjson
- espressif/network_provisioning
- idf
- joltwallet/littlefs
manifest_hash: 121b8826f32018f8c0dece4dbfe7479b8ddc72c9639ac7acdb94e9ae2da99976
target: esp32s3
version: 3.0.0
